// !$*UTF8*$!
{
	archiveVersion = 1;
	classes = {
	};
	objectVersion = 50;
	objects = {

/* Begin PBXBuildFile section */
		2D2FCF2824F0FC3600BD14AC /* WXBSwift.framework in Frameworks */ = {isa = PBXBuildFile; fileRef = 2D2FCF2724F0FC3600BD14AC /* WXBSwift.framework */; };
		2D93CC6524EA59E300C9FA06 /* AppDelegate.swift in Sources */ = {isa = PBXBuildFile; fileRef = 2D93CC6424EA59E300C9FA06 /* AppDelegate.swift */; };
		2D93CC6724EA59E300C9FA06 /* SceneDelegate.swift in Sources */ = {isa = PBXBuildFile; fileRef = 2D93CC6624EA59E300C9FA06 /* SceneDelegate.swift */; };
		2D93CC6924EA59E300C9FA06 /* ViewController.swift in Sources */ = {isa = PBXBuildFile; fileRef = 2D93CC6824EA59E300C9FA06 /* ViewController.swift */; };
		2D93CC6C24EA59E300C9FA06 /* Main.storyboard in Resources */ = {isa = PBXBuildFile; fileRef = 2D93CC6A24EA59E300C9FA06 /* Main.storyboard */; };
		2D93CC6E24EA59E500C9FA06 /* Assets.xcassets in Resources */ = {isa = PBXBuildFile; fileRef = 2D93CC6D24EA59E500C9FA06 /* Assets.xcassets */; };
		2D93CC7124EA59E500C9FA06 /* LaunchScreen.storyboard in Resources */ = {isa = PBXBuildFile; fileRef = 2D93CC6F24EA59E500C9FA06 /* LaunchScreen.storyboard */; };
/* End PBXBuildFile section */

/* Begin PBXCopyFilesBuildPhase section */
		2D93CC8624EA5A7600C9FA06 /* Embed Frameworks */ = {
			isa = PBXCopyFilesBuildPhase;
			buildActionMask = 2147483647;
			dstPath = "";
			dstSubfolderSpec = 10;
			files = (
			);
			name = "Embed Frameworks";
			runOnlyForDeploymentPostprocessing = 0;
		};
/* End PBXCopyFilesBuildPhase section */

/* Begin PBXFileReference section */
		2D2FCF2724F0FC3600BD14AC /* WXBSwift.framework */ = {isa = PBXFileReference; explicitFileType = wrapper.framework; path = WXBSwift.framework; sourceTree = BUILT_PRODUCTS_DIR; };
		2D93CC6124EA59E300C9FA06 /* WXBSwiftExample.app */ = {isa = PBXFileReference; explicitFileType = wrapper.application; includeInIndex = 0; path = WXBSwiftExample.app; sourceTree = BUILT_PRODUCTS_DIR; };
		2D93CC6424EA59E300C9FA06 /* AppDelegate.swift */ = {isa = PBXFileReference; lastKnownFileType = sourcecode.swift; path = AppDelegate.swift; sourceTree = "<group>"; };
		2D93CC6624EA59E300C9FA06 /* SceneDelegate.swift */ = {isa = PBXFileReference; lastKnownFileType = sourcecode.swift; path = SceneDelegate.swift; sourceTree = "<group>"; };
		2D93CC6824EA59E300C9FA06 /* ViewController.swift */ = {isa = PBXFileReference; lastKnownFileType = sourcecode.swift; path = ViewController.swift; sourceTree = "<group>"; };
		2D93CC6B24EA59E300C9FA06 /* Base */ = {isa = PBXFileReference; lastKnownFileType = file.storyboard; name = Base; path = Base.lproj/Main.storyboard; sourceTree = "<group>"; };
		2D93CC6D24EA59E500C9FA06 /* Assets.xcassets */ = {isa = PBXFileReference; lastKnownFileType = folder.assetcatalog; path = Assets.xcassets; sourceTree = "<group>"; };
		2D93CC7024EA59E500C9FA06 /* Base */ = {isa = PBXFileReference; lastKnownFileType = file.storyboard; name = Base; path = Base.lproj/LaunchScreen.storyboard; sourceTree = "<group>"; };
		2D93CC7224EA59E500C9FA06 /* Info.plist */ = {isa = PBXFileReference; lastKnownFileType = text.plist.xml; path = Info.plist; sourceTree = "<group>"; };
/* End PBXFileReference section */

/* Begin PBXFrameworksBuildPhase section */
		2D93CC5E24EA59E300C9FA06 /* Frameworks */ = {
			isa = PBXFrameworksBuildPhase;
			buildActionMask = 2147483647;
			files = (
				2D2FCF2824F0FC3600BD14AC /* WXBSwift.framework in Frameworks */,
			);
			runOnlyForDeploymentPostprocessing = 0;
		};
/* End PBXFrameworksBuildPhase section */

/* Begin PBXGroup section */
		2D93CC5824EA59E300C9FA06 = {
			isa = PBXGroup;
			children = (
				2D93CC6324EA59E300C9FA06 /* WXBSwiftExample */,
				2D93CC6224EA59E300C9FA06 /* Products */,
				2D93CCA724EA5F8500C9FA06 /* Frameworks */,
			);
			sourceTree = "<group>";
		};
		2D93CC6224EA59E300C9FA06 /* Products */ = {
			isa = PBXGroup;
			children = (
				2D93CC6124EA59E300C9FA06 /* WXBSwiftExample.app */,
			);
			name = Products;
			sourceTree = "<group>";
		};
		2D93CC6324EA59E300C9FA06 /* WXBSwiftExample */ = {
			isa = PBXGroup;
			children = (
				2D93CC6424EA59E300C9FA06 /* AppDelegate.swift */,
				2D93CC6624EA59E300C9FA06 /* SceneDelegate.swift */,
				2D93CC6824EA59E300C9FA06 /* ViewController.swift */,
				2D93CC6A24EA59E300C9FA06 /* Main.storyboard */,
				2D93CC6D24EA59E500C9FA06 /* Assets.xcassets */,
				2D93CC6F24EA59E500C9FA06 /* LaunchScreen.storyboard */,
				2D93CC7224EA59E500C9FA06 /* Info.plist */,
			);
			path = WXBSwiftExample;
			sourceTree = "<group>";
		};
		2D93CCA724EA5F8500C9FA06 /* Frameworks */ = {
			isa = PBXGroup;
			children = (
				2D2FCF2724F0FC3600BD14AC /* WXBSwift.framework */,
			);
			name = Frameworks;
			sourceTree = "<group>";
		};
/* End PBXGroup section */

/* Begin PBXNativeTarget section */
		2D93CC6024EA59E300C9FA06 /* WXBSwiftExample */ = {
			isa = PBXNativeTarget;
			buildConfigurationList = 2D93CC7524EA59E500C9FA06 /* Build configuration list for PBXNativeTarget "WXBSwiftExample" */;
			buildPhases = (
				2D93CC5D24EA59E300C9FA06 /* Sources */,
				2D93CC5E24EA59E300C9FA06 /* Frameworks */,
				2D93CC5F24EA59E300C9FA06 /* Resources */,
				2D93CC8624EA5A7600C9FA06 /* Embed Frameworks */,
			);
			buildRules = (
			);
			dependencies = (
			);
			name = WXBSwiftExample;
			productName = WXBSwiftExample;
			productReference = 2D93CC6124EA59E300C9FA06 /* WXBSwiftExample.app */;
			productType = "com.apple.product-type.application";
		};
/* End PBXNativeTarget section */

/* Begin PBXProject section */
		2D93CC5924EA59E300C9FA06 /* Project object */ = {
			isa = PBXProject;
			attributes = {
				LastSwiftUpdateCheck = 1150;
				LastUpgradeCheck = 1150;
				ORGANIZATIONNAME = bing;
				TargetAttributes = {
					2D93CC6024EA59E300C9FA06 = {
						CreatedOnToolsVersion = 11.5;
					};
				};
			};
			buildConfigurationList = 2D93CC5C24EA59E300C9FA06 /* Build configuration list for PBXProject "WXBSwiftExample" */;
			compatibilityVersion = "Xcode 9.3";
			developmentRegion = en;
			hasScannedForEncodings = 0;
			knownRegions = (
				en,
				Base,
			);
			mainGroup = 2D93CC5824EA59E300C9FA06;
			productRefGroup = 2D93CC6224EA59E300C9FA06 /* Products */;
			projectDirPath = "";
			projectRoot = "";
			targets = (
				2D93CC6024EA59E300C9FA06 /* WXBSwiftExample */,
			);
		};
/* End PBXProject section */

/* Begin PBXResourcesBuildPhase section */
		2D93CC5F24EA59E300C9FA06 /* Resources */ = {
			isa = PBXResourcesBuildPhase;
			buildActionMask = 2147483647;
			files = (
				2D93CC7124EA59E500C9FA06 /* LaunchScreen.storyboard in Resources */,
				2D93CC6E24EA59E500C9FA06 /* Assets.xcassets in Resources */,
				2D93CC6C24EA59E300C9FA06 /* Main.storyboard in Resources */,
			);
			runOnlyForDeploymentPostprocessing = 0;
		};
/* End PBXResourcesBuildPhase section */

/* Begin PBXSourcesBuildPhase section */
		2D93CC5D24EA59E300C9FA06 /* Sources */ = {
			isa = PBXSourcesBuildPhase;
			buildActionMask = 2147483647;
			files = (
				2D93CC6924EA59E300C9FA06 /* ViewController.swift in Sources */,
				2D93CC6524EA59E300C9FA06 /* AppDelegate.swift in Sources */,
				2D93CC6724EA59E300C9FA06 /* SceneDelegate.swift in Sources */,
			);
			runOnlyForDeploymentPostprocessing = 0;
		};
/* End PBXSourcesBuildPhase section */

/* Begin PBXVariantGroup section */
		2D93CC6A24EA59E300C9FA06 /* Main.storyboard */ = {
			isa = PBXVariantGroup;
			children = (
				2D93CC6B24EA59E300C9FA06 /* Base */,
			);
			name = Main.storyboard;
			sourceTree = "<group>";
		};
		2D93CC6F24EA59E500C9FA06 /* LaunchScreen.storyboard */ = {
			isa = PBXVariantGroup;
			children = (
				2D93CC7024EA59E500C9FA06 /* Base */,
			);
			name = LaunchScreen.storyboard;
			sourceTree = "<group>";
		};
/* End PBXVariantGroup section */

/* Begin XCBuildConfiguration section */
		2D93CC7324EA59E500C9FA06 /* Debug */ = {
			isa = XCBuildConfiguration;
			buildSettings = {
				ALWAYS_SEARCH_USER_PATHS = NO;
				CLANG_ANALYZER_NONNULL = YES;
				CLANG_ANALYZER_NUMBER_OBJECT_CONVERSION = YES_AGGRESSIVE;
				CLANG_CXX_LANGUAGE_STANDARD = "gnu++14";
				CLANG_CXX_LIBRARY = "libc++";
				CLANG_ENABLE_MODULES = YES;
				CLANG_ENABLE_OBJC_ARC = YES;
				CLANG_ENABLE_OBJC_WEAK = YES;
				CLANG_WARN_BLOCK_CAPTURE_AUTORELEASING = YES;
				CLANG_WARN_BOOL_CONVERSION = YES;
				CLANG_WARN_COMMA = YES;
				CLANG_WARN_CONSTANT_CONVERSION = YES;
				CLANG_WARN_DEPRECATED_OBJC_IMPLEMENTATIONS = YES;
				CLANG_WARN_DIRECT_OBJC_ISA_USAGE = YES_ERROR;
				CLANG_WARN_DOCUMENTATION_COMMENTS = YES;
				CLANG_WARN_EMPTY_BODY = YES;
				CLANG_WARN_ENUM_CONVERSION = YES;
				CLANG_WARN_INFINITE_RECURSION = YES;
				CLANG_WARN_INT_CONVERSION = YES;
				CLANG_WARN_NON_LITERAL_NULL_CONVERSION = YES;
				CLANG_WARN_OBJC_IMPLICIT_RETAIN_SELF = YES;
				CLANG_WARN_OBJC_LITERAL_CONVERSION = YES;
				CLANG_WARN_OBJC_ROOT_CLASS = YES_ERROR;
				CLANG_WARN_RANGE_LOOP_ANALYSIS = YES;
				CLANG_WARN_STRICT_PROTOTYPES = YES;
				CLANG_WARN_SUSPICIOUS_MOVE = YES;
				CLANG_WARN_UNGUARDED_AVAILABILITY = YES_AGGRESSIVE;
				CLANG_WARN_UNREACHABLE_CODE = YES;
				CLANG_WARN__DUPLICATE_METHOD_MATCH = YES;
				COPY_PHASE_STRIP = NO;
				DEBUG_INFORMATION_FORMAT = dwarf;
				ENABLE_STRICT_OBJC_MSGSEND = YES;
				ENABLE_TESTABILITY = YES;
				GCC_C_LANGUAGE_STANDARD = gnu11;
				GCC_DYNAMIC_NO_PIC = NO;
				GCC_NO_COMMON_BLOCKS = YES;
				GCC_OPTIMIZATION_LEVEL = 0;
				GCC_PREPROCESSOR_DEFINITIONS = (
					"DEBUG=1",
					"$(inherited)",
				);
				GCC_WARN_64_TO_32_BIT_CONVERSION = YES;
				GCC_WARN_ABOUT_RETURN_TYPE = YES_ERROR;
				GCC_WARN_UNDECLARED_SELECTOR = YES;
				GCC_WARN_UNINITIALIZED_AUTOS = YES_AGGRESSIVE;
				GCC_WARN_UNUSED_FUNCTION = YES;
				GCC_WARN_UNUSED_VARIABLE = YES;
				IPHONEOS_DEPLOYMENT_TARGET = 13.0;
				MTL_ENABLE_DEBUG_INFO = INCLUDE_SOURCE;
				MTL_FAST_MATH = YES;
				ONLY_ACTIVE_ARCH = YES;
				SDKROOT = iphoneos;
				SWIFT_ACTIVE_COMPILATION_CONDITIONS = DEBUG;
				SWIFT_OPTIMIZATION_LEVEL = "-Onone";
			};
			name = Debug;
		};
		2D93CC7424EA59E500C9FA06 /* Release */ = {
			isa = XCBuildConfiguration;
			buildSettings = {
				ALWAYS_SEARCH_USER_PATHS = NO;
				CLANG_ANALYZER_NONNULL = YES;
				CLANG_ANALYZER_NUMBER_OBJECT_CONVERSION = YES_AGGRESSIVE;
				CLANG_CXX_LANGUAGE_STANDARD = "gnu++14";
				CLANG_CXX_LIBRARY = "libc++";
				CLANG_ENABLE_MODULES = YES;
				CLANG_ENABLE_OBJC_ARC = YES;
				CLANG_ENABLE_OBJC_WEAK = YES;
				CLANG_WARN_BLOCK_CAPTURE_AUTORELEASING = YES;
				CLANG_WARN_BOOL_CONVERSION = YES;
				CLANG_WARN_COMMA = YES;
				CLANG_WARN_CONSTANT_CONVERSION = YES;
				CLANG_WARN_DEPRECATED_OBJC_IMPLEMENTATIONS = YES;
				CLANG_WARN_DIRECT_OBJC_ISA_USAGE = YES_ERROR;
				CLANG_WARN_DOCUMENTATION_COMMENTS = YES;
				CLANG_WARN_EMPTY_BODY = YES;
				CLANG_WARN_ENUM_CONVERSION = YES;
				CLANG_WARN_INFINITE_RECURSION = YES;
				CLANG_WARN_INT_CONVERSION = YES;
				CLANG_WARN_NON_LITERAL_NULL_CONVERSION = YES;
				CLANG_WARN_OBJC_IMPLICIT_RETAIN_SELF = YES;
				CLANG_WARN_OBJC_LITERAL_CONVERSION = YES;
				CLANG_WARN_OBJC_ROOT_CLASS = YES_ERROR;
				CLANG_WARN_RANGE_LOOP_ANALYSIS = YES;
				CLANG_WARN_STRICT_PROTOTYPES = YES;
				CLANG_WARN_SUSPICIOUS_MOVE = YES;
				CLANG_WARN_UNGUARDED_AVAILABILITY = YES_AGGRESSIVE;
				CLANG_WARN_UNREACHABLE_CODE = YES;
				CLANG_WARN__DUPLICATE_METHOD_MATCH = YES;
				COPY_PHASE_STRIP = NO;
				DEBUG_INFORMATION_FORMAT = "dwarf-with-dsym";
				ENABLE_NS_ASSERTIONS = NO;
				ENABLE_STRICT_OBJC_MSGSEND = YES;
				GCC_C_LANGUAGE_STANDARD = gnu11;
				GCC_NO_COMMON_BLOCKS = YES;
				GCC_WARN_64_TO_32_BIT_CONVERSION = YES;
				GCC_WARN_ABOUT_RETURN_TYPE = YES_ERROR;
				GCC_WARN_UNDECLARED_SELECTOR = YES;
				GCC_WARN_UNINITIALIZED_AUTOS = YES_AGGRESSIVE;
				GCC_WARN_UNUSED_FUNCTION = YES;
				GCC_WARN_UNUSED_VARIABLE = YES;
				IPHONEOS_DEPLOYMENT_TARGET = 13.0;
				MTL_ENABLE_DEBUG_INFO = NO;
				MTL_FAST_MATH = YES;
				SDKROOT = iphoneos;
				SWIFT_COMPILATION_MODE = wholemodule;
				SWIFT_OPTIMIZATION_LEVEL = "-O";
				VALIDATE_PRODUCT = YES;
			};
			name = Release;
		};
		2D93CC7624EA59E500C9FA06 /* Debug */ = {
			isa = XCBuildConfiguration;
			buildSettings = {
				ASSETCATALOG_COMPILER_APPICON_NAME = AppIcon;
				CODE_SIGN_STYLE = Automatic;
				DEVELOPMENT_TEAM = 93T6CK8FZW;
				INFOPLIST_FILE = WXBSwiftExample/Info.plist;
				LD_RUNPATH_SEARCH_PATHS = (
					"$(inherited)",
					"@executable_path/Frameworks",
				);
				PRODUCT_BUNDLE_IDENTIFIER = com.app.WXBSwiftExample;
				PRODUCT_NAME = "$(TARGET_NAME)";
				SWIFT_VERSION = 5.0;
				TARGETED_DEVICE_FAMILY = "1,2";
			};
			name = Debug;
		};
		2D93CC7724EA59E500C9FA06 /* Release */ = {
			isa = XCBuildConfiguration;
			buildSettings = {
				ASSETCATALOG_COMPILER_APPICON_NAME = AppIcon;
				CODE_SIGN_STYLE = Automatic;
				DEVELOPMENT_TEAM = 93T6CK8FZW;
				INFOPLIST_FILE = WXBSwiftExample/Info.plist;
				LD_RUNPATH_SEARCH_PATHS = (
					"$(inherited)",
					"@executable_path/Frameworks",
				);
				PRODUCT_BUNDLE_IDENTIFIER = com.app.WXBSwiftExample;
				PRODUCT_NAME = "$(TARGET_NAME)";
				SWIFT_VERSION = 5.0;
				TARGETED_DEVICE_FAMILY = "1,2";
			};
			name = Release;
		};
/* End XCBuildConfiguration section */

/* Begin XCConfigurationList section */
		2D93CC5C24EA59E300C9FA06 /* Build configuration list for PBXProject "WXBSwiftExample" */ = {
			isa = XCConfigurationList;
			buildConfigurations = (
				2D93CC7324EA59E500C9FA06 /* Debug */,
				2D93CC7424EA59E500C9FA06 /* Release */,
			);
			defaultConfigurationIsVisible = 0;
			defaultConfigurationName = Release;
		};
		2D93CC7524EA59E500C9FA06 /* Build configuration list for PBXNativeTarget "WXBSwiftExample" */ = {
			isa = XCConfigurationList;
			buildConfigurations = (
				2D93CC7624EA59E500C9FA06 /* Debug */,
				2D93CC7724EA59E500C9FA06 /* Release */,
			);
			defaultConfigurationIsVisible = 0;
			defaultConfigurationName = Release;
		};
/* End XCConfigurationList section */
	};
	rootObject = 2D93CC5924EA59E300C9FA06 /* Project object */;
}
